
Microsoft Visual Studio Solution File, Format Version 12.00
# Visual Studio Version 17
VisualStudioVersion = 17.4.33213.308
MinimumVisualStudioVersion = 10.0.40219.1
Project("{FAE04EC0-301F-11D3-BF4B-00C04F79EFBC}") = "tall", "tall\tall.csproj", "{557115DF-4E8A-4A91-A6D1-AAFD71784764}"
EndProject
Global
	GlobalSection(SolutionConfigurationPlatforms) = preSolution
		Debug|Any CPU = Debug|Any CPU
		Release|Any CPU = Release|Any CPU
	EndGlobalSection
	GlobalSection(ProjectConfigurationPlatforms) = postSolution
		{557115DF-4E8A-4A91-A6D1-AAFD71784764}.Debug|Any CPU.ActiveCfg = Debug|Any CPU
		{557115DF-4E8A-4A91-A6D1-AAFD71784764}.Debug|Any CPU.Build.0 = Debug|Any CPU
		{557115DF-4E8A-4A91-A6D1-AAFD71784764}.Release|Any CPU.ActiveCfg = Release|Any CPU
		{557115DF-4E8A-4A91-A6D1-AAFD71784764}.Release|Any CPU.Build.0 = Release|Any CPU
	EndGlobalSection
	GlobalSection(SolutionProperties) = preSolution
		HideSolutionNode = FALSE
	EndGlobalSection
	GlobalSection(ExtensibilityGlobals) = postSolution
		SolutionGuid = {59280D8E-D326-4DA5-ABAC-DD07718666E3}
	EndGlobalSection
EndGlobal
