
Microsoft Visual Studio Solution File, Format Version 12.00
# Visual Studio Version 17
VisualStudioVersion = 17.4.33213.308
MinimumVisualStudioVersion = 10.0.40219.1
Project("{FAE04EC0-301F-11D3-BF4B-00C04F79EFBC}") = "Wire_Can_Be_Anywhere", "Wire_Can_Be_Anywhere\Wire_Can_Be_Anywhere.csproj", "{3B9E263E-F4F1-4EAF-ADC1-FBFAEED6D66B}"
EndProject
Global
	GlobalSection(SolutionConfigurationPlatforms) = preSolution
		Debug|Any CPU = Debug|Any CPU
		Release|Any CPU = Release|Any CPU
	EndGlobalSection
	GlobalSection(ProjectConfigurationPlatforms) = postSolution
		{3B9E263E-F4F1-4EAF-ADC1-FBFAEED6D66B}.Debug|Any CPU.ActiveCfg = Debug|Any CPU
		{3B9E263E-F4F1-4EAF-ADC1-FBFAEED6D66B}.Debug|Any CPU.Build.0 = Debug|Any CPU
		{3B9E263E-F4F1-4EAF-ADC1-FBFAEED6D66B}.Release|Any CPU.ActiveCfg = Release|Any CPU
		{3B9E263E-F4F1-4EAF-ADC1-FBFAEED6D66B}.Release|Any CPU.Build.0 = Release|Any CPU
	EndGlobalSection
	GlobalSection(SolutionProperties) = preSolution
		HideSolutionNode = FALSE
	EndGlobalSection
	GlobalSection(ExtensibilityGlobals) = postSolution
		SolutionGuid = {CDEA9742-6F6A-4E5F-9F8C-C3AB95F9EE24}
	EndGlobalSection
EndGlobal
