
Microsoft Visual Studio Solution File, Format Version 12.00
# Visual Studio Version 17
VisualStudioVersion = 17.4.33213.308
MinimumVisualStudioVersion = 10.0.40219.1
Project("{FAE04EC0-301F-11D3-BF4B-00C04F79EFBC}") = "Egg_Box", "Egg_Box\Egg_Box.csproj", "{774C5C3A-517E-47DA-8690-AF2473BB2054}"
EndProject
Global
	GlobalSection(SolutionConfigurationPlatforms) = preSolution
		Debug|Any CPU = Debug|Any CPU
		Release|Any CPU = Release|Any CPU
	EndGlobalSection
	GlobalSection(ProjectConfigurationPlatforms) = postSolution
		{774C5C3A-517E-47DA-8690-AF2473BB2054}.Debug|Any CPU.ActiveCfg = Debug|Any CPU
		{774C5C3A-517E-47DA-8690-AF2473BB2054}.Debug|Any CPU.Build.0 = Debug|Any CPU
		{774C5C3A-517E-47DA-8690-AF2473BB2054}.Release|Any CPU.ActiveCfg = Release|Any CPU
		{774C5C3A-517E-47DA-8690-AF2473BB2054}.Release|Any CPU.Build.0 = Release|Any CPU
	EndGlobalSection
	GlobalSection(SolutionProperties) = preSolution
		HideSolutionNode = FALSE
	EndGlobalSection
	GlobalSection(ExtensibilityGlobals) = postSolution
		SolutionGuid = {9666325E-884B-44BF-9410-DEDCC0D753E4}
	EndGlobalSection
EndGlobal
