
Microsoft Visual Studio Solution File, Format Version 12.00
# Visual Studio Version 17
VisualStudioVersion = 17.4.33213.308
MinimumVisualStudioVersion = 10.0.40219.1
Project("{FAE04EC0-301F-11D3-BF4B-00C04F79EFBC}") = "Li_Zhi", "Li_Zhi\Li_Zhi.csproj", "{E7A075F4-529A-4F66-AF99-7E9826E48E51}"
EndProject
Global
	GlobalSection(SolutionConfigurationPlatforms) = preSolution
		Debug|Any CPU = Debug|Any CPU
		Release|Any CPU = Release|Any CPU
	EndGlobalSection
	GlobalSection(ProjectConfigurationPlatforms) = postSolution
		{E7A075F4-529A-4F66-AF99-7E9826E48E51}.Debug|Any CPU.ActiveCfg = Debug|Any CPU
		{E7A075F4-529A-4F66-AF99-7E9826E48E51}.Debug|Any CPU.Build.0 = Debug|Any CPU
		{E7A075F4-529A-4F66-AF99-7E9826E48E51}.Release|Any CPU.ActiveCfg = Release|Any CPU
		{E7A075F4-529A-4F66-AF99-7E9826E48E51}.Release|Any CPU.Build.0 = Release|Any CPU
	EndGlobalSection
	GlobalSection(SolutionProperties) = preSolution
		HideSolutionNode = FALSE
	EndGlobalSection
	GlobalSection(ExtensibilityGlobals) = postSolution
		SolutionGuid = {B76AC88B-A875-42E7-89EE-13987AE743A8}
	EndGlobalSection
EndGlobal
